github.com/chribro88/go-http-dialer v0.0.0-20230510100700-3859f5f97cb0 h1:R8/fP/aCQKnneQfQIwzbDckWnND4B+kJg8edaWY3vS4=
github.com/chribro88/go-http-dialer v0.0.0-20230510100700-3859f5f97cb0/go.mod h1:2ZsPAgGBrjsmV4agkPYhyV/4pSt4UGuKwYPGL1+svg0=
github.com/google/go-cmp v0.5.9 h1:O2Tfq5qg4qc4AmwVlvv0oLiVAGB7enBSJ2x2DqQFi38=
github.com/google/go-cmp v0.5.9/go.mod h1:17dUlkBOakJ0+DkrSSNjCkIjxS6bF9zb3elmeNGIjoY=
github.com/hadi77ir/go-logging v0.0.0-20250322101635-3a4b7eca271d h1:Rcg+17wLvjWNEiCRKhLPSHw3QNLF98WZxPsaZj3EbsI=
github.com/hadi77ir/go-logging v0.0.0-20250322101635-3a4b7eca271d/go.mod h1:wSYaYaoeH40nDbQxoVgSSBB5cVp9KivA3UAG2Tjk4I4=
github.com/hadi77ir/go-runnable v0.0.0-20250322154153-23af8d15220d h1:hvAonMb/XDGsYGEqGcsgPPBq7y3UM6op3f5ZkX1J1FI=
github.com/hadi77ir/go-runnable v0.0.0-20250322154153-23af8d15220d/go.mod h1:O1RHJe4Uu0wOvJWKo3m+E1u1+mwAImuPaV5IeD32x4M=
github.com/phayes/freeport v0.0.0-20220201140144-74d24b5ae9f5 h1:Ii+DKncOVM8Cu1Hc+ETb5K+23HdAMvESYE3ZJ5b5cMI=
github.com/phayes/freeport v0.0.0-20220201140144-74d24b5ae9f5/go.mod h1:iIss55rKnNBTvrwdmkUpLnDpZoAHvWaiq5+iMmen4AE=
github.com/sirupsen/logrus v1.9.0 h1:trlNQbNUG3OdDrDil03MCb1H2o9nJ1x4/5LYw7byDE0=
github.com/sirupsen/logrus v1.9.0/go.mod h1:naHLuLoDiP4jHNo9R0sCBMtWGeIprob74mVsIT4qYEQ=
golang.org/x/net v0.37.0 h1:1zLorHbz+LYj7MQlSf1+2tPIIgibq2eL5xkrGk6f+2c=
golang.org/x/net v0.37.0/go.mod h1:ivrbrMbzFq5J41QOQh0siUuly180yBYtLp+CKbEaFx8=
golang.org/x/sys v0.31.0 h1:ioabZlmFYtWhL+TRYpcnNlLwhyxaM9kWTDEmfnprqik=
golang.org/x/sys v0.31.0/go.mod h1:BJP2sWEmIv4KK5OTEluFJCKSidICx8ciO85XgH3Ak8k=
gopkg.in/check.v1 v0.0.0-20161208181325-20d25e280405 h1:yhCVgyC4o1eVCa2tZl7eS0r+SDo693bJlVdllGtEeKM=
gopkg.in/check.v1 v0.0.0-20161208181325-20d25e280405/go.mod h1:Co6ibVJAznAaIkqp8huTwlJQCZ016jof/cbN4VW5Yz0=
sigs.k8s.io/yaml v1.4.0 h1:Mk1wCc2gy/F0THH0TAp1QYyJNzRm2KCLy3o5ASXVI5E=
sigs.k8s.io/yaml v1.4.0/go.mod h1:Ejl7/uTz7PSA4eKMyQCUTnhZYNmLIl+5c2lQPGR2BPY=
